
Microsoft Visual Studio Solution File, Format Version 12.00
# Visual Studio Version 16
VisualStudioVersion = 25.0.1703.0
MinimumVisualStudioVersion = 10.0.40219.1
Project("{FAE04EC0-301F-11D3-BF4B-00C04F79EFBC}") = "Wizards_Duel", "Wizards_Duel\Wizards_Duel.csproj", "{C211C75C-E3D3-4EE6-A2A8-9F42C46BE202}"
EndProject
Global
	GlobalSection(SolutionConfigurationPlatforms) = preSolution
		Debug|Any CPU = Debug|Any CPU
		Release|Any CPU = Release|Any CPU
	EndGlobalSection
	GlobalSection(ProjectConfigurationPlatforms) = postSolution
		{C211C75C-E3D3-4EE6-A2A8-9F42C46BE202}.Debug|Any CPU.ActiveCfg = Debug|Any CPU
		{C211C75C-E3D3-4EE6-A2A8-9F42C46BE202}.Debug|Any CPU.Build.0 = Debug|Any CPU
		{C211C75C-E3D3-4EE6-A2A8-9F42C46BE202}.Release|Any CPU.ActiveCfg = Release|Any CPU
		{C211C75C-E3D3-4EE6-A2A8-9F42C46BE202}.Release|Any CPU.Build.0 = Release|Any CPU
	EndGlobalSection
	GlobalSection(SolutionProperties) = preSolution
		HideSolutionNode = FALSE
	EndGlobalSection
	GlobalSection(ExtensibilityGlobals) = postSolution
		SolutionGuid = {EC5AA5C8-34F4-4C44-B407-1588BBBE7205}
	EndGlobalSection
EndGlobal
